
Microsoft Visual Studio Solution File, Format Version 12.00
# Visual Studio Version 17
VisualStudioVersion = 17.3.32922.545
MinimumVisualStudioVersion = 10.0.40219.1
Project("{FAE04EC0-301F-11D3-BF4B-00C04F79EFBC}") = "The-Choice-Refactor", "The-Choice-Refactor\The-Choice-Refactor.csproj", "{7FB98D67-2C36-4B7C-800E-4DCF5F229C60}"
EndProject
Global
	GlobalSection(SolutionConfigurationPlatforms) = preSolution
		Debug|Any CPU = Debug|Any CPU
		Release|Any CPU = Release|Any CPU
	EndGlobalSection
	GlobalSection(ProjectConfigurationPlatforms) = postSolution
		{7FB98D67-2C36-4B7C-800E-4DCF5F229C60}.Debug|Any CPU.ActiveCfg = Debug|Any CPU
		{7FB98D67-2C36-4B7C-800E-4DCF5F229C60}.Debug|Any CPU.Build.0 = Debug|Any CPU
		{7FB98D67-2C36-4B7C-800E-4DCF5F229C60}.Release|Any CPU.ActiveCfg = Release|Any CPU
		{7FB98D67-2C36-4B7C-800E-4DCF5F229C60}.Release|Any CPU.Build.0 = Release|Any CPU
	EndGlobalSection
	GlobalSection(SolutionProperties) = preSolution
		HideSolutionNode = FALSE
	EndGlobalSection
	GlobalSection(ExtensibilityGlobals) = postSolution
		SolutionGuid = {764A7668-51F4-472D-971D-B97E20544F24}
	EndGlobalSection
EndGlobal
